
Microsoft Visual Studio Solution File, Format Version 12.00
# Visual Studio Version 16
VisualStudioVersion = 16.0.28729.10
MinimumVisualStudioVersion = 10.0.40219.1
Project("{8BC9CEB8-8B4A-11D0-8D11-00A0C91BC942}") = "INF147", "INF147\INF147.vcxproj", "{9B13BE6E-0224-4B1F-A2C5-91BAB1C20745}"
EndProject
Global
	GlobalSection(SolutionConfigurationPlatforms) = preSolution
		Debug|x64 = Debug|x64
		Debug|x86 = Debug|x86
		Release|x64 = Release|x64
		Release|x86 = Release|x86
	EndGlobalSection
	GlobalSection(ProjectConfigurationPlatforms) = postSolution
		{9B13BE6E-0224-4B1F-A2C5-91BAB1C20745}.Debug|x64.ActiveCfg = Debug|x64
		{9B13BE6E-0224-4B1F-A2C5-91BAB1C20745}.Debug|x64.Build.0 = Debug|x64
		{9B13BE6E-0224-4B1F-A2C5-91BAB1C20745}.Debug|x86.ActiveCfg = Debug|Win32
		{9B13BE6E-0224-4B1F-A2C5-91BAB1C20745}.Debug|x86.Build.0 = Debug|Win32
		{9B13BE6E-0224-4B1F-A2C5-91BAB1C20745}.Release|x64.ActiveCfg = Release|x64
		{9B13BE6E-0224-4B1F-A2C5-91BAB1C20745}.Release|x64.Build.0 = Release|x64
		{9B13BE6E-0224-4B1F-A2C5-91BAB1C20745}.Release|x86.ActiveCfg = Release|Win32
		{9B13BE6E-0224-4B1F-A2C5-91BAB1C20745}.Release|x86.Build.0 = Release|Win32
	EndGlobalSection
	GlobalSection(SolutionProperties) = preSolution
		HideSolutionNode = FALSE
	EndGlobalSection
	GlobalSection(ExtensibilityGlobals) = postSolution
		SolutionGuid = {DDFBF412-B604-4BF6-9E1C-E80745DE2D23}
	EndGlobalSection
EndGlobal
