<?xml version="1.0" encoding="utf-8"?>
<Project ToolsVersion="4.0" xmlns="http://schemas.microsoft.com/developer/msbuild/2003">
  <ItemGroup>
    <Filter Include="Source Files">
      <UniqueIdentifier>{4FC737F1-C7A5-4376-A066-2A32D752A2FF}</UniqueIdentifier>
      <Extensions>cpp;c;cc;cxx;def;odl;idl;hpj;bat;asm;asmx</Extensions>
    </Filter>
    <Filter Include="Header Files">
      <UniqueIdentifier>{93995380-89BD-4b04-88EB-625FBE52EBFB}</UniqueIdentifier>
      <Extensions>h;hh;hpp;hxx;hm;inl;inc;ipp;xsd</Extensions>
    </Filter>
    <Filter Include="Resource Files">
      <UniqueIdentifier>{67DA6AB6-F800-4c08-8B7A-83BB121AAD01}</UniqueIdentifier>
      <Extensions>rc;ico;cur;bmp;dlg;rc2;rct;bin;rgs;gif;jpg;jpeg;jpe;resx;tiff;tif;png;wav;mfcribbon-ms</Extensions>
    </Filter>
    <Filter Include="Source Files\common">
      <UniqueIdentifier>{534520b0-41d1-4ea8-bc28-245c191ef052}</UniqueIdentifier>
    </Filter>
    <Filter Include="Source Files\shader">
      <UniqueIdentifier>{57a09348-8205-41f4-8756-77c315b86c89}</UniqueIdentifier>
    </Filter>
  </ItemGroup>
  <ItemGroup>
    <ClCompile Include="Main.cpp">
      <Filter>Source Files</Filter>
    </ClCompile>
    <ClCompile Include="shader.cpp">
      <Filter>Source Files\shader</Filter>
    </ClCompile>
    <ClCompile Include="C:\GL\glad\src\glad.c">
      <Filter>Source Files</Filter>
    </ClCompile>
    <ClCompile Include="texture.cpp">
      <Filter>Source Files\shader</Filter>
    </ClCompile>
    <ClCompile Include="common\ressourceManager.cpp">
      <Filter>Source Files\shader</Filter>
    </ClCompile>
    <ClCompile Include="Game.cpp">
      <Filter>Source Files</Filter>
    </ClCompile>
    <ClCompile Include="actor.cpp">
      <Filter>Source Files</Filter>
    </ClCompile>
    <ClCompile Include="tile.cpp">
      <Filter>Source Files</Filter>
    </ClCompile>
    <ClCompile Include="textrenderer.cpp">
      <Filter>Source Files</Filter>
    </ClCompile>
    <ClCompile Include="performer.cpp">
      <Filter>Source Files</Filter>
    </ClCompile>
    <ClCompile Include="primitive.cpp">
      <Filter>Source Files</Filter>
    </ClCompile>
    <ClCompile Include="SpriteBatch.cpp">
      <Filter>Source Files</Filter>
    </ClCompile>
    <ClCompile Include="GLSL.cpp">
      <Filter>Source Files</Filter>
    </ClCompile>
    <ClCompile Include="IOManager.cpp">
      <Filter>Source Files</Filter>
    </ClCompile>
    <ClCompile Include="Grid.cpp">
      <Filter>Source Files</Filter>
    </ClCompile>
    <ClCompile Include="item.cpp">
      <Filter>Source Files</Filter>
    </ClCompile>
    <ClCompile Include="level.cpp">
      <Filter>Source Files</Filter>
    </ClCompile>
    <ClCompile Include="UI.cpp">
      <Filter>Source Files</Filter>
    </ClCompile>
    <ClCompile Include="UI_BAR.cpp">
      <Filter>Source Files</Filter>
    </ClCompile>
    <ClCompile Include="UI_Toggle.cpp">
      <Filter>Source Files</Filter>
    </ClCompile>
    <ClCompile Include="UI_Performer_status.cpp">
      <Filter>Source Files</Filter>
    </ClCompile>
    <ClCompile Include="P_fx.cpp">
      <Filter>Source Files</Filter>
    </ClCompile>
    <ClCompile Include="UI_BOX.cpp">
      <Filter>Source Files</Filter>
    </ClCompile>
    <ClCompile Include="UI_BUTTON.cpp">
      <Filter>Source Files</Filter>
    </ClCompile>
    <ClCompile Include="page.cpp">
      <Filter>Source Files</Filter>
    </ClCompile>
    <ClCompile Include="metaItem.cpp">
      <Filter>Source Files</Filter>
    </ClCompile>
    <ClCompile Include="Page_Editor.cpp">
      <Filter>Source Files</Filter>
    </ClCompile>
  </ItemGroup>
  <ItemGroup>
    <None Include="shader\simplevertex.glsl">
      <Filter>Source Files\shader</Filter>
    </None>
    <None Include="shader\simplefragment.glsl">
      <Filter>Source Files\shader</Filter>
    </None>
    <None Include="sprite.vs">
      <Filter>Source Files\shader</Filter>
    </None>
    <None Include="text_2D.frag" />
    <None Include="text_2D.vs" />
    <None Include="batchSprite.vs">
      <Filter>Source Files\shader</Filter>
    </None>
    <None Include="batchShader.vs">
      <Filter>Source Files\shader</Filter>
    </None>
    <None Include="batchFragment.frag" />
    <None Include="lightShading.frag" />
    <None Include="lightShading.vs" />
  </ItemGroup>
  <ItemGroup>
    <ClInclude Include="shader.h">
      <Filter>Source Files\shader</Filter>
    </ClInclude>
    <ClInclude Include="texture.h">
      <Filter>Source Files\shader</Filter>
    </ClInclude>
    <ClInclude Include="Game.h">
      <Filter>Source Files</Filter>
    </ClInclude>
    <ClInclude Include="stbi.h">
      <Filter>Header Files</Filter>
    </ClInclude>
    <ClInclude Include="common\ressourceManager.h">
      <Filter>Source Files\shader</Filter>
    </ClInclude>
    <ClInclude Include="sprite.frag">
      <Filter>Source Files\shader</Filter>
    </ClInclude>
    <ClInclude Include="actor.h">
      <Filter>Header Files</Filter>
    </ClInclude>
    <ClInclude Include="performer.h">
      <Filter>Header Files</Filter>
    </ClInclude>
    <ClInclude Include="tile.h">
      <Filter>Header Files</Filter>
    </ClInclude>
    <ClInclude Include="textrenderer.h">
      <Filter>Header Files</Filter>
    </ClInclude>
    <ClInclude Include="global.h">
      <Filter>Header Files</Filter>
    </ClInclude>
    <ClInclude Include="Quadtree.h">
      <Filter>Header Files</Filter>
    </ClInclude>
    <ClInclude Include="blob.h">
      <Filter>Header Files</Filter>
    </ClInclude>
    <ClInclude Include="primitive.h">
      <Filter>Header Files</Filter>
    </ClInclude>
    <ClInclude Include="n_tile.h">
      <Filter>Header Files</Filter>
    </ClInclude>
    <ClInclude Include="batch.h">
      <Filter>Header Files</Filter>
    </ClInclude>
    <ClInclude Include="SpriteBatch.h">
      <Filter>Header Files</Filter>
    </ClInclude>
    <ClInclude Include="Vertex.h">
      <Filter>Header Files</Filter>
    </ClInclude>
    <ClInclude Include="GLSL.h">
      <Filter>Header Files</Filter>
    </ClInclude>
    <ClInclude Include="IOManager.h">
      <Filter>Header Files</Filter>
    </ClInclude>
    <ClInclude Include="Grih.h">
      <Filter>Header Files</Filter>
    </ClInclude>
    <ClInclude Include="Grid.h">
      <Filter>Header Files</Filter>
    </ClInclude>
    <ClInclude Include="level.h">
      <Filter>Header Files</Filter>
    </ClInclude>
    <ClInclude Include="item.h">
      <Filter>Header Files</Filter>
    </ClInclude>
    <ClInclude Include="Light.h">
      <Filter>Header Files</Filter>
    </ClInclude>
    <ClInclude Include="UI.h">
      <Filter>Header Files</Filter>
    </ClInclude>
    <ClInclude Include="UI_BAR.h">
      <Filter>Header Files</Filter>
    </ClInclude>
    <ClInclude Include="UI_Toggle.h">
      <Filter>Header Files</Filter>
    </ClInclude>
    <ClInclude Include="UI_Performer_status.h">
      <Filter>Header Files</Filter>
    </ClInclude>
    <ClInclude Include="P_fx.h">
      <Filter>Header Files</Filter>
    </ClInclude>
    <ClInclude Include="Header.h">
      <Filter>Header Files</Filter>
    </ClInclude>
    <ClInclude Include="NRJ_FX.h">
      <Filter>Header Files</Filter>
    </ClInclude>
    <ClInclude Include="VFX.h">
      <Filter>Header Files</Filter>
    </ClInclude>
    <ClInclude Include="UI_BOX.h">
      <Filter>Header Files</Filter>
    </ClInclude>
    <ClInclude Include="Level_Editor.h">
      <Filter>Header Files</Filter>
    </ClInclude>
    <ClInclude Include="page.h">
      <Filter>Header Files</Filter>
    </ClInclude>
    <ClInclude Include="UI_BUTTON.h">
      <Filter>Header Files</Filter>
    </ClInclude>
    <ClInclude Include="Mouse_Info.h">
      <Filter>Header Files</Filter>
    </ClInclude>
    <ClInclude Include="UI_BUILDER.h">
      <Filter>Header Files</Filter>
    </ClInclude>
    <ClInclude Include="metaItem.h">
      <Filter>Header Files</Filter>
    </ClInclude>
    <ClInclude Include="Page_Editor.h">
      <Filter>Header Files</Filter>
    </ClInclude>
  </ItemGroup>
</Project>